
Microsoft Visual Studio Solution File, Format Version 12.00
# Visual Studio Version 17
VisualStudioVersion = 17.5.002.0
MinimumVisualStudioVersion = 10.0.40219.1
Project("{9A19103F-16F7-4668-BE54-9A1E7A4F7556}") = "MigrationDemo", "MigrationDemo.csproj", "{9A9AB827-A6F0-4811-8CFD-D936A3DFC2D0}"
EndProject
Global
	GlobalSection(SolutionConfigurationPlatforms) = preSolution
		Debug|Any CPU = Debug|Any CPU
		Release|Any CPU = Release|Any CPU
	EndGlobalSection
	GlobalSection(ProjectConfigurationPlatforms) = postSolution
		{9A9AB827-A6F0-4811-8CFD-D936A3DFC2D0}.Debug|Any CPU.ActiveCfg = Debug|Any CPU
		{9A9AB827-A6F0-4811-8CFD-D936A3DFC2D0}.Debug|Any CPU.Build.0 = Debug|Any CPU
		{9A9AB827-A6F0-4811-8CFD-D936A3DFC2D0}.Release|Any CPU.ActiveCfg = Release|Any CPU
		{9A9AB827-A6F0-4811-8CFD-D936A3DFC2D0}.Release|Any CPU.Build.0 = Release|Any CPU
	EndGlobalSection
	GlobalSection(SolutionProperties) = preSolution
		HideSolutionNode = FALSE
	EndGlobalSection
	GlobalSection(ExtensibilityGlobals) = postSolution
		SolutionGuid = {249C2A83-2730-4C11-B15E-199F8FF2DB1D}
	EndGlobalSection
EndGlobal
